{
  "nodes": {
    "home-manager": {
      "inputs": {
        "nixpkgs": [
          "nixpkgs"
        ],
        "utils": "utils"
      },
      "locked": {
        "lastModified": 1670059602,
        "narHash": "sha256-mtgVnAjlYYjJr2wDnfz94kIefLl61Ww7cjCpLVhN/6Y=",
        "owner": "nix-community",
        "repo": "home-manager",
        "rev": "6b71989c0dc1c8d386086334290c094240d51798",
        "type": "github"
      },
      "original": {
        "owner": "nix-community",
        "ref": "release-22.11",
        "repo": "home-manager",
        "type": "github"
      }
    },
    "mydist": {
      "locked": {
        "lastModified": 1618340992,
        "narHash": "sha256-vMKdish7pU3hYW4jH7CgcQaaUSInP5/szooKdBvOo64=",
        "owner": "mmai",
        "repo": "nixpkgs",
        "rev": "f4aeba026adf7562678da13a6dde4b64424f6f3e",
        "type": "github"
      },
      "original": {
        "owner": "mmai",
        "ref": "mydist",
        "repo": "nixpkgs",
        "type": "github"
      }
    },
    "nixpkgs": {
      "locked": {
        "lastModified": 1683928319,
        "narHash": "sha256-maz0DRKixJVcNRMiAMWlJniiF8IuQ+WbfmlJJ8D+jfM=",
        "owner": "NixOS",
        "repo": "nixpkgs",
        "rev": "9656e85a15a0fe67847ee8cdb99a20d8df499962",
        "type": "github"
      },
      "original": {
        "owner": "NixOS",
        "ref": "nixos-22.11",
        "repo": "nixpkgs",
        "type": "github"
      }
    },
    "nixpkgs-unstable": {
      "locked": {
        "lastModified": 1683408522,
        "narHash": "sha256-9kcPh6Uxo17a3kK3XCHhcWiV1Yu1kYj22RHiymUhMkU=",
        "owner": "NixOS",
        "repo": "nixpkgs",
        "rev": "897876e4c484f1e8f92009fd11b7d988a121a4e7",
        "type": "github"
      },
      "original": {
        "owner": "NixOS",
        "ref": "nixos-unstable",
        "repo": "nixpkgs",
        "type": "github"
      }
    },
    "root": {
      "inputs": {
        "home-manager": "home-manager",
        "mydist": "mydist",
        "nixpkgs": "nixpkgs",
        "nixpkgs-unstable": "nixpkgs-unstable"
      }
    },
    "utils": {
      "locked": {
        "lastModified": 1667395993,
        "narHash": "sha256-nuEHfE/LcWyuSWnS8t12N1wc105Qtau+/OdUAjtQ0rA=",
        "owner": "numtide",
        "repo": "flake-utils",
        "rev": "5aed5285a952e0b949eb3ba02c12fa4fcfef535f",
        "type": "github"
      },
      "original": {
        "owner": "numtide",
        "repo": "flake-utils",
        "type": "github"
      }
    }
  },
  "root": "root",
  "version": 7
}
