{
  "nodes": {
    "home-manager": {
      "inputs": {
        "nixpkgs": [
          "nixpkgs"
        ],
        "utils": "utils"
      },
      "locked": {
        "lastModified": 1670059602,
        "narHash": "sha256-mtgVnAjlYYjJr2wDnfz94kIefLl61Ww7cjCpLVhN/6Y=",
        "owner": "nix-community",
        "repo": "home-manager",
        "rev": "6b71989c0dc1c8d386086334290c094240d51798",
        "type": "github"
      },
      "original": {
        "owner": "nix-community",
        "ref": "release-22.11",
        "repo": "home-manager",
        "type": "github"
      }
    },
    "mydist": {
      "locked": {
        "lastModified": 1618340992,
        "narHash": "sha256-vMKdish7pU3hYW4jH7CgcQaaUSInP5/szooKdBvOo64=",
        "owner": "mmai",
        "repo": "nixpkgs",
        "rev": "f4aeba026adf7562678da13a6dde4b64424f6f3e",
        "type": "github"
      },
      "original": {
        "owner": "mmai",
        "ref": "mydist",
        "repo": "nixpkgs",
        "type": "github"
      }
    },
    "nixpkgs": {
      "locked": {
        "lastModified": 1681482634,
        "narHash": "sha256-cT/nr3L8khEYZSGp8qqwxFH+/q4/547MfyOdSj6MhBk=",
        "owner": "NixOS",
        "repo": "nixpkgs",
        "rev": "fda0d99c2cbbb5c89d8855d258cb0821bd9113ad",
        "type": "github"
      },
      "original": {
        "owner": "NixOS",
        "ref": "nixos-22.11",
        "repo": "nixpkgs",
        "type": "github"
      }
    },
    "nixpkgs-unstable": {
      "locked": {
        "lastModified": 1681557730,
        "narHash": "sha256-j2E3639kS3Qop2jQPyqWCdenZNaqIdxfoTvAHnGuAGI=",
        "owner": "NixOS",
        "repo": "nixpkgs",
        "rev": "85b081528b937df4bfcaee80c3541b58f397df8b",
        "type": "github"
      },
      "original": {
        "owner": "NixOS",
        "ref": "nixos-unstable",
        "repo": "nixpkgs",
        "type": "github"
      }
    },
    "root": {
      "inputs": {
        "home-manager": "home-manager",
        "mydist": "mydist",
        "nixpkgs": "nixpkgs",
        "nixpkgs-unstable": "nixpkgs-unstable"
      }
    },
    "utils": {
      "locked": {
        "lastModified": 1667395993,
        "narHash": "sha256-nuEHfE/LcWyuSWnS8t12N1wc105Qtau+/OdUAjtQ0rA=",
        "owner": "numtide",
        "repo": "flake-utils",
        "rev": "5aed5285a952e0b949eb3ba02c12fa4fcfef535f",
        "type": "github"
      },
      "original": {
        "owner": "numtide",
        "repo": "flake-utils",
        "type": "github"
      }
    }
  },
  "root": "root",
  "version": 7
}
