{
  "nodes": {
    "mydist": {
      "locked": {
        "lastModified": 1603292563,
        "narHash": "sha256-8l0KQrhRts6OrUa1asZudYpTYKYTL3ppYz7LiKNeexg=",
        "owner": "mmai",
        "repo": "nixpkgs",
        "rev": "0009e7ce72d4eb3e4e5b6345a7e445e96a29a8d0",
        "type": "github"
      },
      "original": {
        "owner": "mmai",
        "ref": "mydist",
        "repo": "nixpkgs",
        "type": "github"
      }
    },
    "nixpkgs": {
      "locked": {
        "lastModified": 1603918233,
        "narHash": "sha256-kc3v+TMNjJRiV9/HinAx7qsWI2wGPHToGnCeOYmahLI=",
        "owner": "NixOS",
        "repo": "nixpkgs",
        "rev": "edb26126d98bc696f4f3e206583faa65d3d6e818",
        "type": "github"
      },
      "original": {
        "owner": "NixOS",
        "ref": "nixos-20.09",
        "repo": "nixpkgs",
        "type": "github"
      }
    },
    "nixpkgs-unstable": {
      "locked": {
        "lastModified": 1603758576,
        "narHash": "sha256-xKFmWVx+rFInBao3gtmvXcd0LjHD1+0c1Ef5PJDrbuM=",
        "owner": "NixOS",
        "repo": "nixpkgs",
        "rev": "1dc37370c489b610f8b91d7fdd40633163ffbafd",
        "type": "github"
      },
      "original": {
        "owner": "NixOS",
        "ref": "nixos-unstable",
        "repo": "nixpkgs",
        "type": "github"
      }
    },
    "root": {
      "inputs": {
        "mydist": "mydist",
        "nixpkgs": "nixpkgs",
        "nixpkgs-unstable": "nixpkgs-unstable"
      }
    }
  },
  "root": "root",
  "version": 7
}
